
Microsoft Visual Studio Solution File, Format Version 12.00
# Visual Studio Version 17
VisualStudioVersion = 17.7.34031.279
MinimumVisualStudioVersion = 10.0.40219.1
Project("{FAE04EC0-301F-11D3-BF4B-00C04F79EFBC}") = "LibraryAPI", "LibraryAPI\LibraryAPI.csproj", "{70C15981-18B0-4E99-BE7D-73FD3EE70C7A}"
EndProject
Global
	GlobalSection(SolutionConfigurationPlatforms) = preSolution
		Debug|Any CPU = Debug|Any CPU
		Release|Any CPU = Release|Any CPU
	EndGlobalSection
	GlobalSection(ProjectConfigurationPlatforms) = postSolution
		{70C15981-18B0-4E99-BE7D-73FD3EE70C7A}.Debug|Any CPU.ActiveCfg = Debug|Any CPU
		{70C15981-18B0-4E99-BE7D-73FD3EE70C7A}.Debug|Any CPU.Build.0 = Debug|Any CPU
		{70C15981-18B0-4E99-BE7D-73FD3EE70C7A}.Release|Any CPU.ActiveCfg = Release|Any CPU
		{70C15981-18B0-4E99-BE7D-73FD3EE70C7A}.Release|Any CPU.Build.0 = Release|Any CPU
	EndGlobalSection
	GlobalSection(SolutionProperties) = preSolution
		HideSolutionNode = FALSE
	EndGlobalSection
	GlobalSection(ExtensibilityGlobals) = postSolution
		SolutionGuid = {1C29E7FB-95EC-4386-8039-BE8AF3A7A7D0}
	EndGlobalSection
EndGlobal
